// !$*UTF8*$!
{
	archiveVersion = 1;
	classes = {
	};
	objectVersion = 50;
	objects = {

/* Begin PBXBuildFile section */
		76197D0A5EBC166A9749C967 /* Pods_FirstLottieTest.framework in Frameworks */ = {isa = PBXBuildFile; fileRef = A24EF2622FCBC583245ACE73 /* Pods_FirstLottieTest.framework */; };
		9D63F911207A8CB8007CE57A /* AppDelegate.swift in Sources */ = {isa = PBXBuildFile; fileRef = 9D63F910207A8CB8007CE57A /* AppDelegate.swift */; };
		9D63F913207A8CB8007CE57A /* ViewController.swift in Sources */ = {isa = PBXBuildFile; fileRef = 9D63F912207A8CB8007CE57A /* ViewController.swift */; };
		9D63F916207A8CB8007CE57A /* Main.storyboard in Resources */ = {isa = PBXBuildFile; fileRef = 9D63F914207A8CB8007CE57A /* Main.storyboard */; };
		9D63F918207A8CB9007CE57A /* Assets.xcassets in Resources */ = {isa = PBXBuildFile; fileRef = 9D63F917207A8CB9007CE57A /* Assets.xcassets */; };
		9D63F91B207A8CB9007CE57A /* LaunchScreen.storyboard in Resources */ = {isa = PBXBuildFile; fileRef = 9D63F919207A8CB9007CE57A /* LaunchScreen.storyboard */; };
		9D63F923207A9603007CE57A /* LottieTest1.json in Resources */ = {isa = PBXBuildFile; fileRef = 9D63F922207A9603007CE57A /* LottieTest1.json */; };
		9D63F925207AA27B007CE57A /* LottieTest2.json in Resources */ = {isa = PBXBuildFile; fileRef = 9D63F924207AA27A007CE57A /* LottieTest2.json */; };
		9D63F931207AB79E007CE57A /* img_2.png in Resources */ = {isa = PBXBuildFile; fileRef = 9D63F92B207AB79D007CE57A /* img_2.png */; };
		9D63F932207AB79E007CE57A /* img_3.png in Resources */ = {isa = PBXBuildFile; fileRef = 9D63F92C207AB79E007CE57A /* img_3.png */; };
		9D63F933207AB79E007CE57A /* img_1.png in Resources */ = {isa = PBXBuildFile; fileRef = 9D63F92D207AB79E007CE57A /* img_1.png */; };
		9D63F934207AB79E007CE57A /* img_0.png in Resources */ = {isa = PBXBuildFile; fileRef = 9D63F92E207AB79E007CE57A /* img_0.png */; };
		9D63F935207AB79E007CE57A /* img_4.png in Resources */ = {isa = PBXBuildFile; fileRef = 9D63F92F207AB79E007CE57A /* img_4.png */; };
		9D63F936207AB79E007CE57A /* img_5.png in Resources */ = {isa = PBXBuildFile; fileRef = 9D63F930207AB79E007CE57A /* img_5.png */; };
		9D63F938207AB7AC007CE57A /* LottieTest3.json in Resources */ = {isa = PBXBuildFile; fileRef = 9D63F937207AB7AC007CE57A /* LottieTest3.json */; };
/* End PBXBuildFile section */

/* Begin PBXFileReference section */
		1872E704FB7FDCE91B2FD5B6 /* Pods-FirstLottieTest.release.xcconfig */ = {isa = PBXFileReference; includeInIndex = 1; lastKnownFileType = text.xcconfig; name = "Pods-FirstLottieTest.release.xcconfig"; path = "Pods/Target Support Files/Pods-FirstLottieTest/Pods-FirstLottieTest.release.xcconfig"; sourceTree = "<group>"; };
		9D63F90D207A8CB8007CE57A /* FirstLottieTest.app */ = {isa = PBXFileReference; explicitFileType = wrapper.application; includeInIndex = 0; path = FirstLottieTest.app; sourceTree = BUILT_PRODUCTS_DIR; };
		9D63F910207A8CB8007CE57A /* AppDelegate.swift */ = {isa = PBXFileReference; lastKnownFileType = sourcecode.swift; path = AppDelegate.swift; sourceTree = "<group>"; };
		9D63F912207A8CB8007CE57A /* ViewController.swift */ = {isa = PBXFileReference; lastKnownFileType = sourcecode.swift; path = ViewController.swift; sourceTree = "<group>"; };
		9D63F915207A8CB8007CE57A /* Base */ = {isa = PBXFileReference; lastKnownFileType = file.storyboard; name = Base; path = Base.lproj/Main.storyboard; sourceTree = "<group>"; };
		9D63F917207A8CB9007CE57A /* Assets.xcassets */ = {isa = PBXFileReference; lastKnownFileType = folder.assetcatalog; path = Assets.xcassets; sourceTree = "<group>"; };
		9D63F91A207A8CB9007CE57A /* Base */ = {isa = PBXFileReference; lastKnownFileType = file.storyboard; name = Base; path = Base.lproj/LaunchScreen.storyboard; sourceTree = "<group>"; };
		9D63F91C207A8CB9007CE57A /* Info.plist */ = {isa = PBXFileReference; lastKnownFileType = text.plist.xml; path = Info.plist; sourceTree = "<group>"; };
		9D63F922207A9603007CE57A /* LottieTest1.json */ = {isa = PBXFileReference; fileEncoding = 4; lastKnownFileType = text.json; path = LottieTest1.json; sourceTree = "<group>"; };
		9D63F924207AA27A007CE57A /* LottieTest2.json */ = {isa = PBXFileReference; fileEncoding = 4; lastKnownFileType = text.json; path = LottieTest2.json; sourceTree = "<group>"; };
		9D63F92B207AB79D007CE57A /* img_2.png */ = {isa = PBXFileReference; lastKnownFileType = image.png; name = img_2.png; path = Images/img_2.png; sourceTree = SOURCE_ROOT; };
		9D63F92C207AB79E007CE57A /* img_3.png */ = {isa = PBXFileReference; lastKnownFileType = image.png; name = img_3.png; path = Images/img_3.png; sourceTree = SOURCE_ROOT; };
		9D63F92D207AB79E007CE57A /* img_1.png */ = {isa = PBXFileReference; lastKnownFileType = image.png; name = img_1.png; path = Images/img_1.png; sourceTree = SOURCE_ROOT; };
		9D63F92E207AB79E007CE57A /* img_0.png */ = {isa = PBXFileReference; lastKnownFileType = image.png; name = img_0.png; path = Images/img_0.png; sourceTree = SOURCE_ROOT; };
		9D63F92F207AB79E007CE57A /* img_4.png */ = {isa = PBXFileReference; lastKnownFileType = image.png; name = img_4.png; path = Images/img_4.png; sourceTree = SOURCE_ROOT; };
		9D63F930207AB79E007CE57A /* img_5.png */ = {isa = PBXFileReference; lastKnownFileType = image.png; name = img_5.png; path = Images/img_5.png; sourceTree = SOURCE_ROOT; };
		9D63F937207AB7AC007CE57A /* LottieTest3.json */ = {isa = PBXFileReference; fileEncoding = 4; lastKnownFileType = text.json; path = LottieTest3.json; sourceTree = "<group>"; };
		A24EF2622FCBC583245ACE73 /* Pods_FirstLottieTest.framework */ = {isa = PBXFileReference; explicitFileType = wrapper.framework; includeInIndex = 0; path = Pods_FirstLottieTest.framework; sourceTree = BUILT_PRODUCTS_DIR; };
		A3E97D39567C34FADE87D756 /* Pods-FirstLottieTest.debug.xcconfig */ = {isa = PBXFileReference; includeInIndex = 1; lastKnownFileType = text.xcconfig; name = "Pods-FirstLottieTest.debug.xcconfig"; path = "Pods/Target Support Files/Pods-FirstLottieTest/Pods-FirstLottieTest.debug.xcconfig"; sourceTree = "<group>"; };
/* End PBXFileReference section */

/* Begin PBXFrameworksBuildPhase section */
		9D63F90A207A8CB8007CE57A /* Frameworks */ = {
			isa = PBXFrameworksBuildPhase;
			buildActionMask = 2147483647;
			files = (
				76197D0A5EBC166A9749C967 /* Pods_FirstLottieTest.framework in Frameworks */,
			);
			runOnlyForDeploymentPostprocessing = 0;
		};
/* End PBXFrameworksBuildPhase section */

/* Begin PBXGroup section */
		212C1A48433F58E1D2DB44D8 /* Frameworks */ = {
			isa = PBXGroup;
			children = (
				A24EF2622FCBC583245ACE73 /* Pods_FirstLottieTest.framework */,
			);
			name = Frameworks;
			sourceTree = "<group>";
		};
		73C0B52F36D30ACE9AF05487 /* Pods */ = {
			isa = PBXGroup;
			children = (
				A3E97D39567C34FADE87D756 /* Pods-FirstLottieTest.debug.xcconfig */,
				1872E704FB7FDCE91B2FD5B6 /* Pods-FirstLottieTest.release.xcconfig */,
			);
			name = Pods;
			sourceTree = "<group>";
		};
		9D63F904207A8CB8007CE57A = {
			isa = PBXGroup;
			children = (
				9D63F90F207A8CB8007CE57A /* FirstLottieTest */,
				9D63F90E207A8CB8007CE57A /* Products */,
				73C0B52F36D30ACE9AF05487 /* Pods */,
				212C1A48433F58E1D2DB44D8 /* Frameworks */,
			);
			sourceTree = "<group>";
		};
		9D63F90E207A8CB8007CE57A /* Products */ = {
			isa = PBXGroup;
			children = (
				9D63F90D207A8CB8007CE57A /* FirstLottieTest.app */,
			);
			name = Products;
			sourceTree = "<group>";
		};
		9D63F90F207A8CB8007CE57A /* FirstLottieTest */ = {
			isa = PBXGroup;
			children = (
				9D63F926207AA433007CE57A /* images */,
				9D63F922207A9603007CE57A /* LottieTest1.json */,
				9D63F924207AA27A007CE57A /* LottieTest2.json */,
				9D63F937207AB7AC007CE57A /* LottieTest3.json */,
				9D63F910207A8CB8007CE57A /* AppDelegate.swift */,
				9D63F912207A8CB8007CE57A /* ViewController.swift */,
				9D63F914207A8CB8007CE57A /* Main.storyboard */,
				9D63F917207A8CB9007CE57A /* Assets.xcassets */,
				9D63F919207A8CB9007CE57A /* LaunchScreen.storyboard */,
				9D63F91C207A8CB9007CE57A /* Info.plist */,
			);
			path = FirstLottieTest;
			sourceTree = "<group>";
		};
		9D63F926207AA433007CE57A /* images */ = {
			isa = PBXGroup;
			children = (
				9D63F92E207AB79E007CE57A /* img_0.png */,
				9D63F92D207AB79E007CE57A /* img_1.png */,
				9D63F92B207AB79D007CE57A /* img_2.png */,
				9D63F92C207AB79E007CE57A /* img_3.png */,
				9D63F92F207AB79E007CE57A /* img_4.png */,
				9D63F930207AB79E007CE57A /* img_5.png */,
			);
			path = images;
			sourceTree = "<group>";
		};
/* End PBXGroup section */

/* Begin PBXNativeTarget section */
		9D63F90C207A8CB8007CE57A /* FirstLottieTest */ = {
			isa = PBXNativeTarget;
			buildConfigurationList = 9D63F91F207A8CB9007CE57A /* Build configuration list for PBXNativeTarget "FirstLottieTest" */;
			buildPhases = (
				6DB8820CC0E9E67EE8D6D41C /* [CP] Check Pods Manifest.lock */,
				9D63F909207A8CB8007CE57A /* Sources */,
				9D63F90A207A8CB8007CE57A /* Frameworks */,
				9D63F90B207A8CB8007CE57A /* Resources */,
				9A981F3F0883F39C98A0900E /* [CP] Embed Pods Frameworks */,
			);
			buildRules = (
			);
			dependencies = (
			);
			name = FirstLottieTest;
			productName = FirstLottieTest;
			productReference = 9D63F90D207A8CB8007CE57A /* FirstLottieTest.app */;
			productType = "com.apple.product-type.application";
		};
/* End PBXNativeTarget section */

/* Begin PBXProject section */
		9D63F905207A8CB8007CE57A /* Project object */ = {
			isa = PBXProject;
			attributes = {
				LastSwiftUpdateCheck = 0930;
				LastUpgradeCheck = 0930;
				ORGANIZATIONNAME = murtilicious;
				TargetAttributes = {
					9D63F90C207A8CB8007CE57A = {
						CreatedOnToolsVersion = 9.3;
					};
				};
			};
			buildConfigurationList = 9D63F908207A8CB8007CE57A /* Build configuration list for PBXProject "FirstLottieTest" */;
			compatibilityVersion = "Xcode 9.3";
			developmentRegion = en;
			hasScannedForEncodings = 0;
			knownRegions = (
				en,
				Base,
			);
			mainGroup = 9D63F904207A8CB8007CE57A;
			productRefGroup = 9D63F90E207A8CB8007CE57A /* Products */;
			projectDirPath = "";
			projectRoot = "";
			targets = (
				9D63F90C207A8CB8007CE57A /* FirstLottieTest */,
			);
		};
/* End PBXProject section */

/* Begin PBXResourcesBuildPhase section */
		9D63F90B207A8CB8007CE57A /* Resources */ = {
			isa = PBXResourcesBuildPhase;
			buildActionMask = 2147483647;
			files = (
				9D63F91B207A8CB9007CE57A /* LaunchScreen.storyboard in Resources */,
				9D63F918207A8CB9007CE57A /* Assets.xcassets in Resources */,
				9D63F933207AB79E007CE57A /* img_1.png in Resources */,
				9D63F925207AA27B007CE57A /* LottieTest2.json in Resources */,
				9D63F938207AB7AC007CE57A /* LottieTest3.json in Resources */,
				9D63F923207A9603007CE57A /* LottieTest1.json in Resources */,
				9D63F916207A8CB8007CE57A /* Main.storyboard in Resources */,
				9D63F935207AB79E007CE57A /* img_4.png in Resources */,
				9D63F934207AB79E007CE57A /* img_0.png in Resources */,
				9D63F931207AB79E007CE57A /* img_2.png in Resources */,
				9D63F932207AB79E007CE57A /* img_3.png in Resources */,
				9D63F936207AB79E007CE57A /* img_5.png in Resources */,
			);
			runOnlyForDeploymentPostprocessing = 0;
		};
/* End PBXResourcesBuildPhase section */

/* Begin PBXShellScriptBuildPhase section */
		6DB8820CC0E9E67EE8D6D41C /* [CP] Check Pods Manifest.lock */ = {
			isa = PBXShellScriptBuildPhase;
			buildActionMask = 2147483647;
			files = (
			);
			inputPaths = (
				"${PODS_PODFILE_DIR_PATH}/Podfile.lock",
				"${PODS_ROOT}/Manifest.lock",
			);
			name = "[CP] Check Pods Manifest.lock";
			outputPaths = (
				"$(DERIVED_FILE_DIR)/Pods-FirstLottieTest-checkManifestLockResult.txt",
			);
			runOnlyForDeploymentPostprocessing = 0;
			shellPath = /bin/sh;
			shellScript = "diff \"${PODS_PODFILE_DIR_PATH}/Podfile.lock\" \"${PODS_ROOT}/Manifest.lock\" > /dev/null\nif [ $? != 0 ] ; then\n    # print error to STDERR\n    echo \"error: The sandbox is not in sync with the Podfile.lock. Run 'pod install' or update your CocoaPods installation.\" >&2\n    exit 1\nfi\n# This output is used by Xcode 'outputs' to avoid re-running this script phase.\necho \"SUCCESS\" > \"${SCRIPT_OUTPUT_FILE_0}\"\n";
			showEnvVarsInLog = 0;
		};
		9A981F3F0883F39C98A0900E /* [CP] Embed Pods Frameworks */ = {
			isa = PBXShellScriptBuildPhase;
			buildActionMask = 2147483647;
			files = (
			);
			inputPaths = (
				"${SRCROOT}/Pods/Target Support Files/Pods-FirstLottieTest/Pods-FirstLottieTest-frameworks.sh",
				"${BUILT_PRODUCTS_DIR}/lottie-ios/Lottie.framework",
			);
			name = "[CP] Embed Pods Frameworks";
			outputPaths = (
				"${TARGET_BUILD_DIR}/${FRAMEWORKS_FOLDER_PATH}/Lottie.framework",
			);
			runOnlyForDeploymentPostprocessing = 0;
			shellPath = /bin/sh;
			shellScript = "\"${SRCROOT}/Pods/Target Support Files/Pods-FirstLottieTest/Pods-FirstLottieTest-frameworks.sh\"\n";
			showEnvVarsInLog = 0;
		};
/* End PBXShellScriptBuildPhase section */

/* Begin PBXSourcesBuildPhase section */
		9D63F909207A8CB8007CE57A /* Sources */ = {
			isa = PBXSourcesBuildPhase;
			buildActionMask = 2147483647;
			files = (
				9D63F913207A8CB8007CE57A /* ViewController.swift in Sources */,
				9D63F911207A8CB8007CE57A /* AppDelegate.swift in Sources */,
			);
			runOnlyForDeploymentPostprocessing = 0;
		};
/* End PBXSourcesBuildPhase section */

/* Begin PBXVariantGroup section */
		9D63F914207A8CB8007CE57A /* Main.storyboard */ = {
			isa = PBXVariantGroup;
			children = (
				9D63F915207A8CB8007CE57A /* Base */,
			);
			name = Main.storyboard;
			sourceTree = "<group>";
		};
		9D63F919207A8CB9007CE57A /* LaunchScreen.storyboard */ = {
			isa = PBXVariantGroup;
			children = (
				9D63F91A207A8CB9007CE57A /* Base */,
			);
			name = LaunchScreen.storyboard;
			sourceTree = "<group>";
		};
/* End PBXVariantGroup section */

/* Begin XCBuildConfiguration section */
		9D63F91D207A8CB9007CE57A /* Debug */ = {
			isa = XCBuildConfiguration;
			buildSettings = {
				ALWAYS_SEARCH_USER_PATHS = NO;
				CLANG_ANALYZER_NONNULL = YES;
				CLANG_ANALYZER_NUMBER_OBJECT_CONVERSION = YES_AGGRESSIVE;
				CLANG_CXX_LANGUAGE_STANDARD = "gnu++14";
				CLANG_CXX_LIBRARY = "libc++";
				CLANG_ENABLE_MODULES = YES;
				CLANG_ENABLE_OBJC_ARC = YES;
				CLANG_ENABLE_OBJC_WEAK = YES;
				CLANG_WARN_BLOCK_CAPTURE_AUTORELEASING = YES;
				CLANG_WARN_BOOL_CONVERSION = YES;
				CLANG_WARN_COMMA = YES;
				CLANG_WARN_CONSTANT_CONVERSION = YES;
				CLANG_WARN_DEPRECATED_OBJC_IMPLEMENTATIONS = YES;
				CLANG_WARN_DIRECT_OBJC_ISA_USAGE = YES_ERROR;
				CLANG_WARN_DOCUMENTATION_COMMENTS = YES;
				CLANG_WARN_EMPTY_BODY = YES;
				CLANG_WARN_ENUM_CONVERSION = YES;
				CLANG_WARN_INFINITE_RECURSION = YES;
				CLANG_WARN_INT_CONVERSION = YES;
				CLANG_WARN_NON_LITERAL_NULL_CONVERSION = YES;
				CLANG_WARN_OBJC_IMPLICIT_RETAIN_SELF = YES;
				CLANG_WARN_OBJC_LITERAL_CONVERSION = YES;
				CLANG_WARN_OBJC_ROOT_CLASS = YES_ERROR;
				CLANG_WARN_RANGE_LOOP_ANALYSIS = YES;
				CLANG_WARN_STRICT_PROTOTYPES = YES;
				CLANG_WARN_SUSPICIOUS_MOVE = YES;
				CLANG_WARN_UNGUARDED_AVAILABILITY = YES_AGGRESSIVE;
				CLANG_WARN_UNREACHABLE_CODE = YES;
				CLANG_WARN__DUPLICATE_METHOD_MATCH = YES;
				CODE_SIGN_IDENTITY = "iPhone Developer";
				COPY_PHASE_STRIP = NO;
				DEBUG_INFORMATION_FORMAT = dwarf;
				ENABLE_STRICT_OBJC_MSGSEND = YES;
				ENABLE_TESTABILITY = YES;
				GCC_C_LANGUAGE_STANDARD = gnu11;
				GCC_DYNAMIC_NO_PIC = NO;
				GCC_NO_COMMON_BLOCKS = YES;
				GCC_OPTIMIZATION_LEVEL = 0;
				GCC_PREPROCESSOR_DEFINITIONS = (
					"DEBUG=1",
					"$(inherited)",
				);
				GCC_WARN_64_TO_32_BIT_CONVERSION = YES;
				GCC_WARN_ABOUT_RETURN_TYPE = YES_ERROR;
				GCC_WARN_UNDECLARED_SELECTOR = YES;
				GCC_WARN_UNINITIALIZED_AUTOS = YES_AGGRESSIVE;
				GCC_WARN_UNUSED_FUNCTION = YES;
				GCC_WARN_UNUSED_VARIABLE = YES;
				IPHONEOS_DEPLOYMENT_TARGET = 11.3;
				MTL_ENABLE_DEBUG_INFO = YES;
				ONLY_ACTIVE_ARCH = YES;
				SDKROOT = iphoneos;
				SWIFT_ACTIVE_COMPILATION_CONDITIONS = DEBUG;
				SWIFT_OPTIMIZATION_LEVEL = "-Onone";
			};
			name = Debug;
		};
		9D63F91E207A8CB9007CE57A /* Release */ = {
			isa = XCBuildConfiguration;
			buildSettings = {
				ALWAYS_SEARCH_USER_PATHS = NO;
				CLANG_ANALYZER_NONNULL = YES;
				CLANG_ANALYZER_NUMBER_OBJECT_CONVERSION = YES_AGGRESSIVE;
				CLANG_CXX_LANGUAGE_STANDARD = "gnu++14";
				CLANG_CXX_LIBRARY = "libc++";
				CLANG_ENABLE_MODULES = YES;
				CLANG_ENABLE_OBJC_ARC = YES;
				CLANG_ENABLE_OBJC_WEAK = YES;
				CLANG_WARN_BLOCK_CAPTURE_AUTORELEASING = YES;
				CLANG_WARN_BOOL_CONVERSION = YES;
				CLANG_WARN_COMMA = YES;
				CLANG_WARN_CONSTANT_CONVERSION = YES;
				CLANG_WARN_DEPRECATED_OBJC_IMPLEMENTATIONS = YES;
				CLANG_WARN_DIRECT_OBJC_ISA_USAGE = YES_ERROR;
				CLANG_WARN_DOCUMENTATION_COMMENTS = YES;
				CLANG_WARN_EMPTY_BODY = YES;
				CLANG_WARN_ENUM_CONVERSION = YES;
				CLANG_WARN_INFINITE_RECURSION = YES;
				CLANG_WARN_INT_CONVERSION = YES;
				CLANG_WARN_NON_LITERAL_NULL_CONVERSION = YES;
				CLANG_WARN_OBJC_IMPLICIT_RETAIN_SELF = YES;
				CLANG_WARN_OBJC_LITERAL_CONVERSION = YES;
				CLANG_WARN_OBJC_ROOT_CLASS = YES_ERROR;
				CLANG_WARN_RANGE_LOOP_ANALYSIS = YES;
				CLANG_WARN_STRICT_PROTOTYPES = YES;
				CLANG_WARN_SUSPICIOUS_MOVE = YES;
				CLANG_WARN_UNGUARDED_AVAILABILITY = YES_AGGRESSIVE;
				CLANG_WARN_UNREACHABLE_CODE = YES;
				CLANG_WARN__DUPLICATE_METHOD_MATCH = YES;
				CODE_SIGN_IDENTITY = "iPhone Developer";
				COPY_PHASE_STRIP = NO;
				DEBUG_INFORMATION_FORMAT = "dwarf-with-dsym";
				ENABLE_NS_ASSERTIONS = NO;
				ENABLE_STRICT_OBJC_MSGSEND = YES;
				GCC_C_LANGUAGE_STANDARD = gnu11;
				GCC_NO_COMMON_BLOCKS = YES;
				GCC_WARN_64_TO_32_BIT_CONVERSION = YES;
				GCC_WARN_ABOUT_RETURN_TYPE = YES_ERROR;
				GCC_WARN_UNDECLARED_SELECTOR = YES;
				GCC_WARN_UNINITIALIZED_AUTOS = YES_AGGRESSIVE;
				GCC_WARN_UNUSED_FUNCTION = YES;
				GCC_WARN_UNUSED_VARIABLE = YES;
				IPHONEOS_DEPLOYMENT_TARGET = 11.3;
				MTL_ENABLE_DEBUG_INFO = NO;
				SDKROOT = iphoneos;
				SWIFT_COMPILATION_MODE = wholemodule;
				SWIFT_OPTIMIZATION_LEVEL = "-O";
				VALIDATE_PRODUCT = YES;
			};
			name = Release;
		};
		9D63F920207A8CB9007CE57A /* Debug */ = {
			isa = XCBuildConfiguration;
			baseConfigurationReference = A3E97D39567C34FADE87D756 /* Pods-FirstLottieTest.debug.xcconfig */;
			buildSettings = {
				ASSETCATALOG_COMPILER_APPICON_NAME = AppIcon;
				CODE_SIGN_STYLE = Automatic;
				INFOPLIST_FILE = FirstLottieTest/Info.plist;
				LD_RUNPATH_SEARCH_PATHS = (
					"$(inherited)",
					"@executable_path/Frameworks",
				);
				PRODUCT_BUNDLE_IDENTIFIER = com.murtilicious.FirstLottieTest;
				PRODUCT_NAME = "$(TARGET_NAME)";
				SWIFT_VERSION = 4.0;
				TARGETED_DEVICE_FAMILY = "1,2";
			};
			name = Debug;
		};
		9D63F921207A8CB9007CE57A /* Release */ = {
			isa = XCBuildConfiguration;
			baseConfigurationReference = 1872E704FB7FDCE91B2FD5B6 /* Pods-FirstLottieTest.release.xcconfig */;
			buildSettings = {
				ASSETCATALOG_COMPILER_APPICON_NAME = AppIcon;
				CODE_SIGN_STYLE = Automatic;
				INFOPLIST_FILE = FirstLottieTest/Info.plist;
				LD_RUNPATH_SEARCH_PATHS = (
					"$(inherited)",
					"@executable_path/Frameworks",
				);
				PRODUCT_BUNDLE_IDENTIFIER = com.murtilicious.FirstLottieTest;
				PRODUCT_NAME = "$(TARGET_NAME)";
				SWIFT_VERSION = 4.0;
				TARGETED_DEVICE_FAMILY = "1,2";
			};
			name = Release;
		};
/* End XCBuildConfiguration section */

/* Begin XCConfigurationList section */
		9D63F908207A8CB8007CE57A /* Build configuration list for PBXProject "FirstLottieTest" */ = {
			isa = XCConfigurationList;
			buildConfigurations = (
				9D63F91D207A8CB9007CE57A /* Debug */,
				9D63F91E207A8CB9007CE57A /* Release */,
			);
			defaultConfigurationIsVisible = 0;
			defaultConfigurationName = Release;
		};
		9D63F91F207A8CB9007CE57A /* Build configuration list for PBXNativeTarget "FirstLottieTest" */ = {
			isa = XCConfigurationList;
			buildConfigurations = (
				9D63F920207A8CB9007CE57A /* Debug */,
				9D63F921207A8CB9007CE57A /* Release */,
			);
			defaultConfigurationIsVisible = 0;
			defaultConfigurationName = Release;
		};
/* End XCConfigurationList section */
	};
	rootObject = 9D63F905207A8CB8007CE57A /* Project object */;
}
